
Microsoft Visual Studio Solution File, Format Version 12.00
# Visual Studio Version 16
VisualStudioVersion = 16.0.32802.440
MinimumVisualStudioVersion = 10.0.40219.1
Project("{2150E333-8FDC-42A3-9474-1A3956D46DE8}") = "Busines Logic", "Busines Logic", "{4252881A-EA01-4C9F-9700-32C2438F6409}"
EndProject
Project("{9A19103F-16F7-4668-BE54-9A1E7A4F7556}") = "Producto.Dominio", "..\TABLAPRODUCTO_\Producto.Dominio\Producto.Dominio.csproj", "{35B44F95-B3B4-43C5-B994-ADCC7DB00257}"
EndProject
Project("{9A19103F-16F7-4668-BE54-9A1E7A4F7556}") = "Producto.Logic", "..\TABLAPRODUCTO_\Producto.Logic\Producto.Logic.csproj", "{75215757-19B0-470D-9A72-CCD8D245AA08}"
EndProject
Project("{2150E333-8FDC-42A3-9474-1A3956D46DE8}") = "Data Layer", "Data Layer", "{272E3A54-F51B-4030-B13D-D4254E262295}"
EndProject
Project("{9A19103F-16F7-4668-BE54-9A1E7A4F7556}") = "Producto.Data", "..\TABLAPRODUCTO_\Producto.Data\Producto.Data.csproj", "{7D6AE20C-C0A2-453F-B6F5-580CB165E751}"
EndProject
Project("{2150E333-8FDC-42A3-9474-1A3956D46DE8}") = "Presentacion", "Presentacion", "{FDB70DAA-E47A-4A00-B575-C08C3548A2A6}"
EndProject
Project("{9A19103F-16F7-4668-BE54-9A1E7A4F7556}") = "Producto.AppWin_", "..\TABLAPRODUCTO_\Producto.AppWin_\Producto.AppWin_.csproj", "{CA140B66-6C1D-4CEB-B4AE-0EA6DDB29E91}"
EndProject
Global
	GlobalSection(SolutionConfigurationPlatforms) = preSolution
		Debug|Any CPU = Debug|Any CPU
		Release|Any CPU = Release|Any CPU
	EndGlobalSection
	GlobalSection(ProjectConfigurationPlatforms) = postSolution
		{35B44F95-B3B4-43C5-B994-ADCC7DB00257}.Debug|Any CPU.ActiveCfg = Debug|Any CPU
		{35B44F95-B3B4-43C5-B994-ADCC7DB00257}.Debug|Any CPU.Build.0 = Debug|Any CPU
		{35B44F95-B3B4-43C5-B994-ADCC7DB00257}.Release|Any CPU.ActiveCfg = Release|Any CPU
		{35B44F95-B3B4-43C5-B994-ADCC7DB00257}.Release|Any CPU.Build.0 = Release|Any CPU
		{75215757-19B0-470D-9A72-CCD8D245AA08}.Debug|Any CPU.ActiveCfg = Debug|Any CPU
		{75215757-19B0-470D-9A72-CCD8D245AA08}.Debug|Any CPU.Build.0 = Debug|Any CPU
		{75215757-19B0-470D-9A72-CCD8D245AA08}.Release|Any CPU.ActiveCfg = Release|Any CPU
		{75215757-19B0-470D-9A72-CCD8D245AA08}.Release|Any CPU.Build.0 = Release|Any CPU
		{7D6AE20C-C0A2-453F-B6F5-580CB165E751}.Debug|Any CPU.ActiveCfg = Debug|Any CPU
		{7D6AE20C-C0A2-453F-B6F5-580CB165E751}.Debug|Any CPU.Build.0 = Debug|Any CPU
		{7D6AE20C-C0A2-453F-B6F5-580CB165E751}.Release|Any CPU.ActiveCfg = Release|Any CPU
		{7D6AE20C-C0A2-453F-B6F5-580CB165E751}.Release|Any CPU.Build.0 = Release|Any CPU
		{CA140B66-6C1D-4CEB-B4AE-0EA6DDB29E91}.Debug|Any CPU.ActiveCfg = Debug|Any CPU
		{CA140B66-6C1D-4CEB-B4AE-0EA6DDB29E91}.Debug|Any CPU.Build.0 = Debug|Any CPU
		{CA140B66-6C1D-4CEB-B4AE-0EA6DDB29E91}.Release|Any CPU.ActiveCfg = Release|Any CPU
		{CA140B66-6C1D-4CEB-B4AE-0EA6DDB29E91}.Release|Any CPU.Build.0 = Release|Any CPU
	EndGlobalSection
	GlobalSection(SolutionProperties) = preSolution
		HideSolutionNode = FALSE
	EndGlobalSection
	GlobalSection(NestedProjects) = preSolution
		{35B44F95-B3B4-43C5-B994-ADCC7DB00257} = {4252881A-EA01-4C9F-9700-32C2438F6409}
		{75215757-19B0-470D-9A72-CCD8D245AA08} = {4252881A-EA01-4C9F-9700-32C2438F6409}
		{7D6AE20C-C0A2-453F-B6F5-580CB165E751} = {272E3A54-F51B-4030-B13D-D4254E262295}
		{CA140B66-6C1D-4CEB-B4AE-0EA6DDB29E91} = {FDB70DAA-E47A-4A00-B575-C08C3548A2A6}
	EndGlobalSection
	GlobalSection(ExtensibilityGlobals) = postSolution
		SolutionGuid = {0C197C74-7449-49DE-83E5-683D63A63DF1}
	EndGlobalSection
EndGlobal
